// !$*UTF8*$!
{
	archiveVersion = 1;
	classes = {
	};
	objectVersion = 56;
	objects = {

/* Begin PBXBuildFile section */
		3F0001001 /* WISE2App.swift in Sources */ = {isa = PBXBuildFile; fileRef = 3F0001002 /* WISE2App.swift */; };
		3F0001003 /* KeychainManager.swift in Sources */ = {isa = PBXBuildFile; fileRef = 3F0001004 /* KeychainManager.swift */; };
		3F0001005 /* AuthManager.swift in Sources */ = {isa = PBXBuildFile; fileRef = 3F0001006 /* AuthManager.swift */; };
		3F0001007 /* APIClient.swift in Sources */ = {isa = PBXBuildFile; fileRef = 3F0001008 /* APIClient.swift */; };
		3F0001009 /* AppState.swift in Sources */ = {isa = PBXBuildFile; fileRef = 3F000100A /* AppState.swift */; };
		3F000100B /* MainTabView.swift in Sources */ = {isa = PBXBuildFile; fileRef = 3F000100C /* MainTabView.swift */; };
		3F000100D /* AuthGate.swift in Sources */ = {isa = PBXBuildFile; fileRef = 3F000100E /* AuthGate.swift */; };
		3F000100F /* HomeScreen.swift in Sources */ = {isa = PBXBuildFile; fileRef = 3F0001010 /* HomeScreen.swift */; };
		3F0001011 /* Colors.swift in Sources */ = {isa = PBXBuildFile; fileRef = 3F0001012 /* Colors.swift */; };
		3F0001013 /* Info.plist in Resources */ = {isa = PBXBuildFile; fileRef = 3F0001014 /* Info.plist */; };
		3F0001022 /* BusinessOSModels.swift in Sources */ = {isa = PBXBuildFile; fileRef = 3F0001023 /* BusinessOSModels.swift */; };
		3F0001024 /* BusinessOSClient.swift in Sources */ = {isa = PBXBuildFile; fileRef = 3F0001025 /* BusinessOSClient.swift */; };
		3F0001026 /* CommandStore.swift in Sources */ = {isa = PBXBuildFile; fileRef = 3F0001027 /* CommandStore.swift */; };
		3F0001028 /* CommandScreen.swift in Sources */ = {isa = PBXBuildFile; fileRef = 3F0001029 /* CommandScreen.swift */; };
		3F0001062 /* CommandOrb.swift in Sources */ = {isa = PBXBuildFile; fileRef = 3F0001063 /* CommandOrb.swift */; };
		3F0001050 /* BusinessOSModelsTests.swift in Sources */ = {isa = PBXBuildFile; fileRef = 3F0001051 /* BusinessOSModelsTests.swift */; };
		3F0001052 /* BusinessOSClientTests.swift in Sources */ = {isa = PBXBuildFile; fileRef = 3F0001053 /* BusinessOSClientTests.swift */; };
		3F0001054 /* CommandStoreTests.swift in Sources */ = {isa = PBXBuildFile; fileRef = 3F0001055 /* CommandStoreTests.swift */; };
		/* Feature source files */
		3F0002101 /* CRMStore.swift in Sources */ = {isa = PBXBuildFile; fileRef = 3F0002001 /* CRMStore.swift */; };
		3F0002102 /* CRMScreen.swift in Sources */ = {isa = PBXBuildFile; fileRef = 3F0002002 /* CRMScreen.swift */; };
		3F0002103 /* WorkStore.swift in Sources */ = {isa = PBXBuildFile; fileRef = 3F0002003 /* WorkStore.swift */; };
		3F0002104 /* WorkScreen.swift in Sources */ = {isa = PBXBuildFile; fileRef = 3F0002004 /* WorkScreen.swift */; };
		3F0002105 /* ClientsStore.swift in Sources */ = {isa = PBXBuildFile; fileRef = 3F0002005 /* ClientsStore.swift */; };
		3F0002106 /* ClientsScreen.swift in Sources */ = {isa = PBXBuildFile; fileRef = 3F0002006 /* ClientsScreen.swift */; };
		3F0002107 /* AIWorkforceStore.swift in Sources */ = {isa = PBXBuildFile; fileRef = 3F0002007 /* AIWorkforceStore.swift */; };
		3F0002108 /* AIWorkforceScreen.swift in Sources */ = {isa = PBXBuildFile; fileRef = 3F0002008 /* AIWorkforceScreen.swift */; };
		3F0002109 /* CommsStore.swift in Sources */ = {isa = PBXBuildFile; fileRef = 3F0002009 /* CommsStore.swift */; };
		3F000210A /* CommsScreen.swift in Sources */ = {isa = PBXBuildFile; fileRef = 3F000200A /* CommsScreen.swift */; };
		3F000210B /* SensitiveActionAuthorizer.swift in Sources */ = {isa = PBXBuildFile; fileRef = 3F000200B /* SensitiveActionAuthorizer.swift */; };
		3F000210C /* CloudStore.swift in Sources */ = {isa = PBXBuildFile; fileRef = 3F000200C /* CloudStore.swift */; };
		3F000210D /* CloudScreen.swift in Sources */ = {isa = PBXBuildFile; fileRef = 3F000200D /* CloudScreen.swift */; };
		3F000210E /* HVACDraftQueue.swift in Sources */ = {isa = PBXBuildFile; fileRef = 3F000200E /* HVACDraftQueue.swift */; };
		3F000210F /* HVACStore.swift in Sources */ = {isa = PBXBuildFile; fileRef = 3F000200F /* HVACStore.swift */; };
		3F0002110 /* HVACScreen.swift in Sources */ = {isa = PBXBuildFile; fileRef = 3F0002010 /* HVACScreen.swift */; };
		3F0002111 /* StudioStore.swift in Sources */ = {isa = PBXBuildFile; fileRef = 3F0002011 /* StudioStore.swift */; };
		3F0002112 /* StudioScreen.swift in Sources */ = {isa = PBXBuildFile; fileRef = 3F0002012 /* StudioScreen.swift */; };
		3F0002113 /* FinanceStore.swift in Sources */ = {isa = PBXBuildFile; fileRef = 3F0002013 /* FinanceStore.swift */; };
		3F0002114 /* FinanceScreen.swift in Sources */ = {isa = PBXBuildFile; fileRef = 3F0002014 /* FinanceScreen.swift */; };
		3F0002115 /* CapabilityStore.swift in Sources */ = {isa = PBXBuildFile; fileRef = 3F0002015 /* CapabilityStore.swift */; };
		3F0002116 /* MoreScreen.swift in Sources */ = {isa = PBXBuildFile; fileRef = 3F0002016 /* MoreScreen.swift */; };
		/* Test source files */
		3F0003101 /* FakeBusinessOSService.swift in Sources */ = {isa = PBXBuildFile; fileRef = 3F0003001 /* FakeBusinessOSService.swift */; };
		3F0003102 /* CRMStoreTests.swift in Sources */ = {isa = PBXBuildFile; fileRef = 3F0003002 /* CRMStoreTests.swift */; };
		3F0003103 /* CloudStoreTests.swift in Sources */ = {isa = PBXBuildFile; fileRef = 3F0003003 /* CloudStoreTests.swift */; };
		3F0003104 /* CapabilityStoreTests.swift in Sources */ = {isa = PBXBuildFile; fileRef = 3F0003004 /* CapabilityStoreTests.swift */; };
		3F0003105 /* HVACDraftQueueTests.swift in Sources */ = {isa = PBXBuildFile; fileRef = 3F0003005 /* HVACDraftQueueTests.swift */; };
		3F0003106 /* NavigationSmokeTests.swift in Sources */ = {isa = PBXBuildFile; fileRef = 3F0003006 /* NavigationSmokeTests.swift */; };
/* End PBXBuildFile section */

/* Begin PBXContainerItemProxy section */
		3F0001060 /* PBXContainerItemProxy */ = {
			isa = PBXContainerItemProxy;
			containerPortal = 3F000101D /* Project object */;
			proxyType = 1;
			remoteGlobalIDString = 3F0001019;
			remoteInfo = WISE2;
		};
/* End PBXContainerItemProxy section */

/* Begin PBXFileReference section */
		3F0001002 /* WISE2App.swift */ = {isa = PBXFileReference; lastKnownFileType = sourcecode.swift; path = WISE2/App/WISE2App.swift; sourceTree = SOURCE_ROOT; };
		3F0001004 /* KeychainManager.swift */ = {isa = PBXFileReference; lastKnownFileType = sourcecode.swift; path = WISE2/Core/Authentication/KeychainManager.swift; sourceTree = SOURCE_ROOT; };
		3F0001006 /* AuthManager.swift */ = {isa = PBXFileReference; lastKnownFileType = sourcecode.swift; path = WISE2/Core/Authentication/AuthManager.swift; sourceTree = SOURCE_ROOT; };
		3F0001008 /* APIClient.swift */ = {isa = PBXFileReference; lastKnownFileType = sourcecode.swift; path = WISE2/Core/Networking/APIClient.swift; sourceTree = SOURCE_ROOT; };
		3F000100A /* AppState.swift */ = {isa = PBXFileReference; lastKnownFileType = sourcecode.swift; path = WISE2/Core/AppState.swift; sourceTree = SOURCE_ROOT; };
		3F000100C /* MainTabView.swift */ = {isa = PBXFileReference; lastKnownFileType = sourcecode.swift; path = WISE2/Views/Navigation/MainTabView.swift; sourceTree = SOURCE_ROOT; };
		3F000100E /* AuthGate.swift */ = {isa = PBXFileReference; lastKnownFileType = sourcecode.swift; path = WISE2/Views/Auth/AuthGate.swift; sourceTree = SOURCE_ROOT; };
		3F0001010 /* HomeScreen.swift */ = {isa = PBXFileReference; lastKnownFileType = sourcecode.swift; path = WISE2/Views/Home/HomeScreen.swift; sourceTree = SOURCE_ROOT; };
		3F0001012 /* Colors.swift */ = {isa = PBXFileReference; lastKnownFileType = sourcecode.swift; path = WISE2/Views/DesignSystem/Colors.swift; sourceTree = SOURCE_ROOT; };
		3F0001014 /* Info.plist */ = {isa = PBXFileReference; lastKnownFileType = text.plist.xml; path = WISE2/Info.plist; sourceTree = SOURCE_ROOT; };
		3F0001015 /* WISE2.app */ = {isa = PBXFileReference; explicitFileType = wrapper.application; includeInIndex = 0; path = WISE2.app; sourceTree = BUILT_PRODUCTS_DIR; };
		3F0001023 /* BusinessOSModels.swift */ = {isa = PBXFileReference; lastKnownFileType = sourcecode.swift; path = WISE2/Core/Models/BusinessOSModels.swift; sourceTree = SOURCE_ROOT; };
		3F0001025 /* BusinessOSClient.swift */ = {isa = PBXFileReference; lastKnownFileType = sourcecode.swift; path = WISE2/Core/Networking/BusinessOSClient.swift; sourceTree = SOURCE_ROOT; };
		3F0001027 /* CommandStore.swift */ = {isa = PBXFileReference; lastKnownFileType = sourcecode.swift; path = WISE2/Features/Command/CommandStore.swift; sourceTree = SOURCE_ROOT; };
		3F0001029 /* CommandScreen.swift */ = {isa = PBXFileReference; lastKnownFileType = sourcecode.swift; path = WISE2/Features/Command/CommandScreen.swift; sourceTree = SOURCE_ROOT; };
		3F0001063 /* CommandOrb.swift */ = {isa = PBXFileReference; lastKnownFileType = sourcecode.swift; path = WISE2/Features/Command/CommandOrb.swift; sourceTree = SOURCE_ROOT; };
		3F0001044 /* WISE2Tests.xctest */ = {isa = PBXFileReference; explicitFileType = wrapper.cfbundle; includeInIndex = 0; path = WISE2Tests.xctest; sourceTree = BUILT_PRODUCTS_DIR; };
		3F0001051 /* BusinessOSModelsTests.swift */ = {isa = PBXFileReference; lastKnownFileType = sourcecode.swift; path = BusinessOSModelsTests.swift; sourceTree = "<group>"; };
		3F0001053 /* BusinessOSClientTests.swift */ = {isa = PBXFileReference; lastKnownFileType = sourcecode.swift; path = BusinessOSClientTests.swift; sourceTree = "<group>"; };
		3F0001055 /* CommandStoreTests.swift */ = {isa = PBXFileReference; lastKnownFileType = sourcecode.swift; path = CommandStoreTests.swift; sourceTree = "<group>"; };
		/* Feature file references */
		3F0002001 /* CRMStore.swift */ = {isa = PBXFileReference; lastKnownFileType = sourcecode.swift; path = WISE2/Features/CRM/CRMStore.swift; sourceTree = SOURCE_ROOT; };
		3F0002002 /* CRMScreen.swift */ = {isa = PBXFileReference; lastKnownFileType = sourcecode.swift; path = WISE2/Features/CRM/CRMScreen.swift; sourceTree = SOURCE_ROOT; };
		3F0002003 /* WorkStore.swift */ = {isa = PBXFileReference; lastKnownFileType = sourcecode.swift; path = WISE2/Features/Work/WorkStore.swift; sourceTree = SOURCE_ROOT; };
		3F0002004 /* WorkScreen.swift */ = {isa = PBXFileReference; lastKnownFileType = sourcecode.swift; path = WISE2/Features/Work/WorkScreen.swift; sourceTree = SOURCE_ROOT; };
		3F0002005 /* ClientsStore.swift */ = {isa = PBXFileReference; lastKnownFileType = sourcecode.swift; path = WISE2/Features/Clients/ClientsStore.swift; sourceTree = SOURCE_ROOT; };
		3F0002006 /* ClientsScreen.swift */ = {isa = PBXFileReference; lastKnownFileType = sourcecode.swift; path = WISE2/Features/Clients/ClientsScreen.swift; sourceTree = SOURCE_ROOT; };
		3F0002007 /* AIWorkforceStore.swift */ = {isa = PBXFileReference; lastKnownFileType = sourcecode.swift; path = WISE2/Features/AI/AIWorkforceStore.swift; sourceTree = SOURCE_ROOT; };
		3F0002008 /* AIWorkforceScreen.swift */ = {isa = PBXFileReference; lastKnownFileType = sourcecode.swift; path = WISE2/Features/AI/AIWorkforceScreen.swift; sourceTree = SOURCE_ROOT; };
		3F0002009 /* CommsStore.swift */ = {isa = PBXFileReference; lastKnownFileType = sourcecode.swift; path = WISE2/Features/Comms/CommsStore.swift; sourceTree = SOURCE_ROOT; };
		3F000200A /* CommsScreen.swift */ = {isa = PBXFileReference; lastKnownFileType = sourcecode.swift; path = WISE2/Features/Comms/CommsScreen.swift; sourceTree = SOURCE_ROOT; };
		3F000200B /* SensitiveActionAuthorizer.swift */ = {isa = PBXFileReference; lastKnownFileType = sourcecode.swift; path = WISE2/Features/Cloud/SensitiveActionAuthorizer.swift; sourceTree = SOURCE_ROOT; };
		3F000200C /* CloudStore.swift */ = {isa = PBXFileReference; lastKnownFileType = sourcecode.swift; path = WISE2/Features/Cloud/CloudStore.swift; sourceTree = SOURCE_ROOT; };
		3F000200D /* CloudScreen.swift */ = {isa = PBXFileReference; lastKnownFileType = sourcecode.swift; path = WISE2/Features/Cloud/CloudScreen.swift; sourceTree = SOURCE_ROOT; };
		3F000200E /* HVACDraftQueue.swift */ = {isa = PBXFileReference; lastKnownFileType = sourcecode.swift; path = WISE2/Features/HVAC/HVACDraftQueue.swift; sourceTree = SOURCE_ROOT; };
		3F000200F /* HVACStore.swift */ = {isa = PBXFileReference; lastKnownFileType = sourcecode.swift; path = WISE2/Features/HVAC/HVACStore.swift; sourceTree = SOURCE_ROOT; };
		3F0002010 /* HVACScreen.swift */ = {isa = PBXFileReference; lastKnownFileType = sourcecode.swift; path = WISE2/Features/HVAC/HVACScreen.swift; sourceTree = SOURCE_ROOT; };
		3F0002011 /* StudioStore.swift */ = {isa = PBXFileReference; lastKnownFileType = sourcecode.swift; path = WISE2/Features/Studio/StudioStore.swift; sourceTree = SOURCE_ROOT; };
		3F0002012 /* StudioScreen.swift */ = {isa = PBXFileReference; lastKnownFileType = sourcecode.swift; path = WISE2/Features/Studio/StudioScreen.swift; sourceTree = SOURCE_ROOT; };
		3F0002013 /* FinanceStore.swift */ = {isa = PBXFileReference; lastKnownFileType = sourcecode.swift; path = WISE2/Features/Finance/FinanceStore.swift; sourceTree = SOURCE_ROOT; };
		3F0002014 /* FinanceScreen.swift */ = {isa = PBXFileReference; lastKnownFileType = sourcecode.swift; path = WISE2/Features/Finance/FinanceScreen.swift; sourceTree = SOURCE_ROOT; };
		3F0002015 /* CapabilityStore.swift */ = {isa = PBXFileReference; lastKnownFileType = sourcecode.swift; path = WISE2/Features/More/CapabilityStore.swift; sourceTree = SOURCE_ROOT; };
		3F0002016 /* MoreScreen.swift */ = {isa = PBXFileReference; lastKnownFileType = sourcecode.swift; path = WISE2/Features/More/MoreScreen.swift; sourceTree = SOURCE_ROOT; };
		/* Test file references */
		3F0003001 /* FakeBusinessOSService.swift */ = {isa = PBXFileReference; lastKnownFileType = sourcecode.swift; path = FakeBusinessOSService.swift; sourceTree = "<group>"; };
		3F0003002 /* CRMStoreTests.swift */ = {isa = PBXFileReference; lastKnownFileType = sourcecode.swift; path = CRMStoreTests.swift; sourceTree = "<group>"; };
		3F0003003 /* CloudStoreTests.swift */ = {isa = PBXFileReference; lastKnownFileType = sourcecode.swift; path = CloudStoreTests.swift; sourceTree = "<group>"; };
		3F0003004 /* CapabilityStoreTests.swift */ = {isa = PBXFileReference; lastKnownFileType = sourcecode.swift; path = CapabilityStoreTests.swift; sourceTree = "<group>"; };
		3F0003005 /* HVACDraftQueueTests.swift */ = {isa = PBXFileReference; lastKnownFileType = sourcecode.swift; path = HVACDraftQueueTests.swift; sourceTree = "<group>"; };
		3F0003006 /* NavigationSmokeTests.swift */ = {isa = PBXFileReference; lastKnownFileType = sourcecode.swift; path = NavigationSmokeTests.swift; sourceTree = "<group>"; };
/* End PBXFileReference section */

/* Begin PBXFrameworksBuildPhase section */
		3F0001016 /* Frameworks */ = {
			isa = PBXFrameworksBuildPhase;
			buildActionMask = 2147483647;
			files = (
			);
			runOnlyForDeploymentPostprocessing = 0;
		};
		3F0001046 /* Frameworks */ = {
			isa = PBXFrameworksBuildPhase;
			buildActionMask = 2147483647;
			files = (
			);
			runOnlyForDeploymentPostprocessing = 0;
		};
/* End PBXFrameworksBuildPhase section */

/* Begin PBXGroup section */
		3F0001017 /* WISE2 */ = {
			isa = PBXGroup;
			children = (
				3F0001002 /* WISE2App.swift */,
				3F0001004 /* KeychainManager.swift */,
				3F0001006 /* AuthManager.swift */,
				3F0001008 /* APIClient.swift */,
				3F000100A /* AppState.swift */,
				3F000100C /* MainTabView.swift */,
				3F000100E /* AuthGate.swift */,
				3F0001010 /* HomeScreen.swift */,
				3F0001012 /* Colors.swift */,
				3F0001023 /* BusinessOSModels.swift */,
				3F0001025 /* BusinessOSClient.swift */,
				3F0001027 /* CommandStore.swift */,
				3F0001029 /* CommandScreen.swift */,
				3F0001063 /* CommandOrb.swift */,
				3F0002001 /* CRMStore.swift */,
				3F0002002 /* CRMScreen.swift */,
				3F0002003 /* WorkStore.swift */,
				3F0002004 /* WorkScreen.swift */,
				3F0002005 /* ClientsStore.swift */,
				3F0002006 /* ClientsScreen.swift */,
				3F0002007 /* AIWorkforceStore.swift */,
				3F0002008 /* AIWorkforceScreen.swift */,
				3F0002009 /* CommsStore.swift */,
				3F000200A /* CommsScreen.swift */,
				3F000200B /* SensitiveActionAuthorizer.swift */,
				3F000200C /* CloudStore.swift */,
				3F000200D /* CloudScreen.swift */,
				3F000200E /* HVACDraftQueue.swift */,
				3F000200F /* HVACStore.swift */,
				3F0002010 /* HVACScreen.swift */,
				3F0002011 /* StudioStore.swift */,
				3F0002012 /* StudioScreen.swift */,
				3F0002013 /* FinanceStore.swift */,
				3F0002014 /* FinanceScreen.swift */,
				3F0002015 /* CapabilityStore.swift */,
				3F0002016 /* MoreScreen.swift */,
				3F0001014 /* Info.plist */,
			);
			path = WISE2;
			sourceTree = SOURCE_ROOT;
		};
		3F0001045 /* WISE2Tests */ = {
			isa = PBXGroup;
			children = (
				3F0001051 /* BusinessOSModelsTests.swift */,
				3F0001053 /* BusinessOSClientTests.swift */,
				3F0001055 /* CommandStoreTests.swift */,
				3F0003001 /* FakeBusinessOSService.swift */,
				3F0003002 /* CRMStoreTests.swift */,
				3F0003003 /* CloudStoreTests.swift */,
				3F0003004 /* CapabilityStoreTests.swift */,
				3F0003005 /* HVACDraftQueueTests.swift */,
				3F0003006 /* NavigationSmokeTests.swift */,
			);
			path = WISE2Tests;
			sourceTree = SOURCE_ROOT;
		};
		3F0001018 /* Products */ = {
			isa = PBXGroup;
			children = (
				3F0001015 /* WISE2.app */,
				3F0001044 /* WISE2Tests.xctest */,
			);
			name = Products;
			sourceTree = "<group>";
		};
		3F000101F = {
			isa = PBXGroup;
			children = (
				3F0001017 /* WISE2 */,
				3F0001045 /* WISE2Tests */,
				3F0001018 /* Products */,
			);
			sourceTree = "<group>";
		};
/* End PBXGroup section */

/* Begin PBXNativeTarget section */
		3F0001019 /* WISE2 */ = {
			isa = PBXNativeTarget;
			buildConfigurationList = 3F000101A /* Build configuration list for PBXNativeTarget "WISE2" */;
			buildPhases = (
				3F000101B /* Sources */,
				3F0001016 /* Frameworks */,
				3F000101C /* Resources */,
			);
			buildRules = (
			);
			dependencies = (
			);
			name = WISE2;
			productName = WISE2;
			productReference = 3F0001015 /* WISE2.app */;
			productType = "com.apple.product-type.application";
		};
		3F0001047 /* WISE2Tests */ = {
			isa = PBXNativeTarget;
			buildConfigurationList = 3F0001048 /* Build configuration list for PBXNativeTarget "WISE2Tests" */;
			buildPhases = (
				3F0001049 /* Sources */,
				3F0001046 /* Frameworks */,
				3F000104A /* Resources */,
			);
			buildRules = (
			);
			dependencies = (
				3F0001061 /* PBXTargetDependency */,
			);
			name = WISE2Tests;
			productName = WISE2Tests;
			productReference = 3F0001044 /* WISE2Tests.xctest */;
			productType = "com.apple.product-type.bundle.unit-test";
		};
/* End PBXNativeTarget section */

/* Begin PBXProject section */
		3F000101D /* Project object */ = {
			isa = PBXProject;
			attributes = {
				BuildIndependentTargetsInParallel = 1;
				LastSwiftUpdateCheck = 1520;
				LastUpgradeCheck = 1520;
				TargetAttributes = {
					3F0001019 = {
						CreatedOnToolsVersion = 15.2;
					};
					3F0001047 = {
						CreatedOnToolsVersion = 15.2;
						TestTargetID = 3F0001019;
					};
				};
			};
			buildConfigurationList = 3F000101E /* Build configuration list for PBXProject "WISE2" */;
			compatibilityVersion = "Xcode 14.0";
			developmentRegion = en;
			hasScannedForEncodings = 0;
			knownRegions = (
				en,
			);
			mainGroup = 3F000101F;
			productRefGroup = 3F0001018 /* Products */;
			projectDirPath = "";
			projectRoot = "";
			targets = (
				3F0001019 /* WISE2 */,
				3F0001047 /* WISE2Tests */,
			);
		};
/* End PBXProject section */

/* Begin PBXResourcesBuildPhase section */
		3F000101C /* Resources */ = {
			isa = PBXResourcesBuildPhase;
			buildActionMask = 2147483647;
			files = (
			);
			runOnlyForDeploymentPostprocessing = 0;
		};
		3F000104A /* Resources */ = {
			isa = PBXResourcesBuildPhase;
			buildActionMask = 2147483647;
			files = (
			);
			runOnlyForDeploymentPostprocessing = 0;
		};
/* End PBXResourcesBuildPhase section */

/* Begin PBXSourcesBuildPhase section */
		3F000101B /* Sources */ = {
			isa = PBXSourcesBuildPhase;
			buildActionMask = 2147483647;
			files = (
				3F0001001 /* WISE2App.swift in Sources */,
				3F0001003 /* KeychainManager.swift in Sources */,
				3F0001005 /* AuthManager.swift in Sources */,
				3F0001007 /* APIClient.swift in Sources */,
				3F0001009 /* AppState.swift in Sources */,
				3F000100B /* MainTabView.swift in Sources */,
				3F000100D /* AuthGate.swift in Sources */,
				3F0001011 /* Colors.swift in Sources */,
				3F0001022 /* BusinessOSModels.swift in Sources */,
				3F0001024 /* BusinessOSClient.swift in Sources */,
				3F0001026 /* CommandStore.swift in Sources */,
				3F0001028 /* CommandScreen.swift in Sources */,
				3F0001062 /* CommandOrb.swift in Sources */,
				3F0002101 /* CRMStore.swift in Sources */,
				3F0002102 /* CRMScreen.swift in Sources */,
				3F0002103 /* WorkStore.swift in Sources */,
				3F0002104 /* WorkScreen.swift in Sources */,
				3F0002105 /* ClientsStore.swift in Sources */,
				3F0002106 /* ClientsScreen.swift in Sources */,
				3F0002107 /* AIWorkforceStore.swift in Sources */,
				3F0002108 /* AIWorkforceScreen.swift in Sources */,
				3F0002109 /* CommsStore.swift in Sources */,
				3F000210A /* CommsScreen.swift in Sources */,
				3F000210B /* SensitiveActionAuthorizer.swift in Sources */,
				3F000210C /* CloudStore.swift in Sources */,
				3F000210D /* CloudScreen.swift in Sources */,
				3F000210E /* HVACDraftQueue.swift in Sources */,
				3F000210F /* HVACStore.swift in Sources */,
				3F0002110 /* HVACScreen.swift in Sources */,
				3F0002111 /* StudioStore.swift in Sources */,
				3F0002112 /* StudioScreen.swift in Sources */,
				3F0002113 /* FinanceStore.swift in Sources */,
				3F0002114 /* FinanceScreen.swift in Sources */,
				3F0002115 /* CapabilityStore.swift in Sources */,
				3F0002116 /* MoreScreen.swift in Sources */,
			);
			runOnlyForDeploymentPostprocessing = 0;
		};
		3F0001049 /* Sources */ = {
			isa = PBXSourcesBuildPhase;
			buildActionMask = 2147483647;
			files = (
				3F0001050 /* BusinessOSModelsTests.swift in Sources */,
				3F0001052 /* BusinessOSClientTests.swift in Sources */,
				3F0001054 /* CommandStoreTests.swift in Sources */,
				3F0003101 /* FakeBusinessOSService.swift in Sources */,
				3F0003102 /* CRMStoreTests.swift in Sources */,
				3F0003103 /* CloudStoreTests.swift in Sources */,
				3F0003104 /* CapabilityStoreTests.swift in Sources */,
				3F0003105 /* HVACDraftQueueTests.swift in Sources */,
				3F0003106 /* NavigationSmokeTests.swift in Sources */,
			);
			runOnlyForDeploymentPostprocessing = 0;
		};
/* End PBXSourcesBuildPhase section */

/* Begin PBXTargetDependency section */
		3F0001061 /* PBXTargetDependency */ = {
			isa = PBXTargetDependency;
			target = 3F0001019 /* WISE2 */;
			targetProxy = 3F0001060 /* PBXContainerItemProxy */;
		};
/* End PBXTargetDependency section */

/* Begin XCBuildConfiguration section */
		3F0001020 /* Debug */ = {
			isa = XCBuildConfiguration;
			buildSettings = {
				ALWAYS_SEARCH_USER_PATHS = NO;
				ASSETCATALOG_COMPILER_APPICON_NAME = AppIcon;
				ASSETCATALOG_COMPILER_GLOBAL_ACCENT_COLOR_NAME = AccentColor;
				CLANG_ENABLE_OBJC_ARC = YES;
				CODE_SIGN_STYLE = Automatic;
				CODE_SIGNING_REQUIRED = YES;
				CURRENT_PROJECT_VERSION = 1;
				ENABLE_TESTABILITY = YES;
				EXECUTABLE_NAME = WISE2;
				GENERATE_INFOPLIST_FILE = NO;
				INFOPLIST_FILE = WISE2/Info.plist;
				IPHONEOS_DEPLOYMENT_TARGET = 15.0;
				MARKETING_VERSION = 1.0.0;
				ONLY_ACTIVE_ARCH = YES;
				PRODUCT_BUNDLE_IDENTIFIER = com.wise2.app;
				PRODUCT_NAME = "$(TARGET_NAME)";
				SDKROOT = iphoneos;
				SWIFT_VERSION = 5.0;
				TARGETED_DEVICE_FAMILY = "1,2";
			};
			name = Debug;
		};
		3F0001021 /* Release */ = {
			isa = XCBuildConfiguration;
			buildSettings = {
				ALWAYS_SEARCH_USER_PATHS = NO;
				ASSETCATALOG_COMPILER_APPICON_NAME = AppIcon;
				ASSETCATALOG_COMPILER_GLOBAL_ACCENT_COLOR_NAME = AccentColor;
				CLANG_ENABLE_OBJC_ARC = YES;
				CODE_SIGN_STYLE = Automatic;
				CODE_SIGNING_REQUIRED = YES;
				CURRENT_PROJECT_VERSION = 1;
				EXECUTABLE_NAME = WISE2;
				GENERATE_INFOPLIST_FILE = NO;
				INFOPLIST_FILE = WISE2/Info.plist;
				IPHONEOS_DEPLOYMENT_TARGET = 15.0;
				MARKETING_VERSION = 1.0.0;
				PRODUCT_BUNDLE_IDENTIFIER = com.wise2.app;
				PRODUCT_NAME = "$(TARGET_NAME)";
				SDKROOT = iphoneos;
				SWIFT_COMPILATION_MODE = wholemodule;
				SWIFT_VERSION = 5.0;
				TARGETED_DEVICE_FAMILY = "1,2";
			};
			name = Release;
		};
		3F000104B /* Debug */ = {
			isa = XCBuildConfiguration;
			buildSettings = {
				BUNDLE_LOADER = "$(TEST_HOST)";
				CODE_SIGN_STYLE = Automatic;
				CURRENT_PROJECT_VERSION = 1;
				GENERATE_INFOPLIST_FILE = YES;
				IPHONEOS_DEPLOYMENT_TARGET = 15.0;
				MARKETING_VERSION = 1.0.0;
				PRODUCT_BUNDLE_IDENTIFIER = com.wise2.app.tests;
				PRODUCT_NAME = "$(TARGET_NAME)";
				SDKROOT = iphoneos;
				SWIFT_VERSION = 5.0;
				TARGETED_DEVICE_FAMILY = "1,2";
				TEST_HOST = "$(BUILT_PRODUCTS_DIR)/WISE2.app/$(BUNDLE_EXECUTABLE_FOLDER_PATH)/WISE2";
			};
			name = Debug;
		};
		3F000104C /* Release */ = {
			isa = XCBuildConfiguration;
			buildSettings = {
				BUNDLE_LOADER = "$(TEST_HOST)";
				CODE_SIGN_STYLE = Automatic;
				CURRENT_PROJECT_VERSION = 1;
				GENERATE_INFOPLIST_FILE = YES;
				IPHONEOS_DEPLOYMENT_TARGET = 15.0;
				MARKETING_VERSION = 1.0.0;
				PRODUCT_BUNDLE_IDENTIFIER = com.wise2.app.tests;
				PRODUCT_NAME = "$(TARGET_NAME)";
				SDKROOT = iphoneos;
				SWIFT_VERSION = 5.0;
				TARGETED_DEVICE_FAMILY = "1,2";
				TEST_HOST = "$(BUILT_PRODUCTS_DIR)/WISE2.app/$(BUNDLE_EXECUTABLE_FOLDER_PATH)/WISE2";
			};
			name = Release;
		};
/* End XCBuildConfiguration section */

/* Begin XCConfigurationList section */
		3F000101A /* Build configuration list for PBXNativeTarget "WISE2" */ = {
			isa = XCConfigurationList;
			buildConfigurations = (
				3F0001020 /* Debug */,
				3F0001021 /* Release */,
			);
			defaultConfigurationIsVisible = 0;
			defaultConfigurationName = Release;
		};
		3F000101E /* Build configuration list for PBXProject "WISE2" */ = {
			isa = XCConfigurationList;
			buildConfigurations = (
				3F0001020 /* Debug */,
				3F0001021 /* Release */,
			);
			defaultConfigurationIsVisible = 0;
			defaultConfigurationName = Release;
		};
		3F0001048 /* Build configuration list for PBXNativeTarget "WISE2Tests" */ = {
			isa = XCConfigurationList;
			buildConfigurations = (
				3F000104B /* Debug */,
				3F000104C /* Release */,
			);
			defaultConfigurationIsVisible = 0;
			defaultConfigurationName = Release;
		};
/* End XCConfigurationList section */
	};
	rootObject = 3F000101D /* Project object */;
}
